{
  "version": 4,
  "terraform_version": "1.3.3",
  "serial": 6,
  "lineage": "4b9cacc7-a511-7e91-041c-3700112dd9e4",
  "outputs": {
    "PRIVATE-IP": {
      "value": "172.31.27.61",
      "type": "string"
    },
    "PUBLIC-IP": {
      "value": "18.212.242.58",
      "type": "string"
    },
    "SERVER-SSH-ACCESS": {
      "value": "ubuntu@18.212.242.58",
      "type": "string"
    }
  },
  "resources": [
    {
      "mode": "managed",
      "type": "aws_instance",
      "name": "my-ec2",
      "provider": "provider[\"registry.terraform.io/hashicorp/aws\"]",
      "instances": [
        {
          "schema_version": 1,
          "attributes": {
            "ami": "ami-0e86e20dae9224db8",
            "arn": "arn:aws:ec2:us-east-1:376072811129:instance/i-07e70885f1c627533",
            "associate_public_ip_address": true,
            "availability_zone": "us-east-1d",
            "capacity_reservation_specification": [
              {
                "capacity_reservation_preference": "open",
                "capacity_reservation_target": []
              }
            ],
            "cpu_core_count": 2,
            "cpu_options": [
              {
                "amd_sev_snp": "",
                "core_count": 2,
                "threads_per_core": 1
              }
            ],
            "cpu_threads_per_core": 1,
            "credit_specification": [
              {
                "cpu_credits": "standard"
              }
            ],
            "disable_api_stop": false,
            "disable_api_termination": false,
            "ebs_block_device": [],
            "ebs_optimized": false,
            "enclave_options": [
              {
                "enabled": false
              }
            ],
            "ephemeral_block_device": [],
            "get_password_data": false,
            "hibernation": false,
            "host_id": "",
            "host_resource_group_arn": null,
            "iam_instance_profile": "",
            "id": "i-07e70885f1c627533",
            "instance_initiated_shutdown_behavior": "stop",
            "instance_lifecycle": "",
            "instance_market_options": [],
            "instance_state": "running",
            "instance_type": "t2.medium",
            "ipv6_address_count": 0,
            "ipv6_addresses": [],
            "key_name": "DevSecOps-key-pair",
            "launch_template": [],
            "maintenance_options": [
              {
                "auto_recovery": "default"
              }
            ],
            "metadata_options": [
              {
                "http_endpoint": "enabled",
                "http_protocol_ipv6": "disabled",
                "http_put_response_hop_limit": 2,
                "http_tokens": "required",
                "instance_metadata_tags": "disabled"
              }
            ],
            "monitoring": false,
            "network_interface": [],
            "outpost_arn": "",
            "password_data": "",
            "placement_group": "",
            "placement_partition_number": 0,
            "primary_network_interface_id": "eni-0d0d3b7d400fb0b54",
            "private_dns": "ip-172-31-27-61.ec2.internal",
            "private_dns_name_options": [
              {
                "enable_resource_name_dns_a_record": false,
                "enable_resource_name_dns_aaaa_record": false,
                "hostname_type": "ip-name"
              }
            ],
            "private_ip": "172.31.27.61",
            "public_dns": "ec2-18-212-242-58.compute-1.amazonaws.com",
            "public_ip": "18.212.242.58",
            "root_block_device": [
              {
                "delete_on_termination": true,
                "device_name": "/dev/sda1",
                "encrypted": false,
                "iops": 3000,
                "kms_key_id": "",
                "tags": null,
                "tags_all": {},
                "throughput": 125,
                "volume_id": "vol-07b3d51d4ca9fa89a",
                "volume_size": 30,
                "volume_type": "gp3"
              }
            ],
            "secondary_private_ips": [],
            "security_groups": [
              "JENKINS-SERVER-SG"
            ],
            "source_dest_check": true,
            "spot_instance_request_id": "",
            "subnet_id": "subnet-0a6b7286c4299d042",
            "tags": {
              "Name": "JENKINS-SERVER"
            },
            "tags_all": {
              "Name": "JENKINS-SERVER"
            },
            "tenancy": "default",
            "timeouts": null,
            "user_data": null,
            "user_data_base64": null,
            "user_data_replace_on_change": false,
            "volume_tags": null,
            "vpc_security_group_ids": [
              "sg-0851fbf1a2ea3e9cb"
            ]
          },
          "sensitive_attributes": [],
          "private": "eyJlMmJmYjczMC1lY2FhLTExZTYtOGY4OC0zNDM2M2JjN2M0YzAiOnsiY3JlYXRlIjo2MDAwMDAwMDAwMDAsImRlbGV0ZSI6MTIwMDAwMDAwMDAwMCwicmVhZCI6OTAwMDAwMDAwMDAwLCJ1cGRhdGUiOjYwMDAwMDAwMDAwMH0sInNjaGVtYV92ZXJzaW9uIjoiMSJ9",
          "dependencies": [
            "aws_key_pair.DevSecOps-keypair",
            "aws_security_group.my-sg",
            "tls_private_key.DevSecOps-keypair"
          ]
        }
      ]
    },
    {
      "mode": "managed",
      "type": "aws_key_pair",
      "name": "DevSecOps-keypair",
      "provider": "provider[\"registry.terraform.io/hashicorp/aws\"]",
      "instances": [
        {
          "schema_version": 1,
          "attributes": {
            "arn": "arn:aws:ec2:us-east-1:376072811129:key-pair/DevSecOps-key-pair",
            "fingerprint": "1f:de:f6:82:ce:dc:05:84:2e:d5:e5:f8:0d:4b:20:f3",
            "id": "DevSecOps-key-pair",
            "key_name": "DevSecOps-key-pair",
            "key_name_prefix": "",
            "key_pair_id": "key-0e6928f2a1d8a25c0",
            "key_type": "rsa",
            "public_key": "ssh-rsa AAAAB3NzaC1yc2EAAAADAQABAAABAQCmjUByt+PZqfMbKg+T614nbxHqalEF7jWWnxJNqLmF5H4Q+POqN5A/HN8QM88mXovPnQEAH58tfUvRXWCYk5dLCpoyUdwSa8YLt7WcE48np8dOCmeceP5u0grPM3V1GnqPwXxIzSA3hTcyJleeAfw83iUKwNveNvdMnBMuD/1X5kIHfunx7im/+0Mc3/plrCM5X99dTj3QkmvfGVyL142UcDKK/2UqQFSXSHpu2YJzRUwoIqmkxL19UEkIsFH8NRBUQ1FO9VnEhBl1mKltCF+2etzQTZ6oVSnopFpK+pXFKO+FvqCBnTmDpLJ/91FI1/xKTZl8B/TbFiUaC2oZI36R",
            "tags": null,
            "tags_all": {}
          },
          "sensitive_attributes": [],
          "private": "eyJzY2hlbWFfdmVyc2lvbiI6IjEifQ==",
          "dependencies": [
            "tls_private_key.DevSecOps-keypair"
          ]
        }
      ]
    },
    {
      "mode": "managed",
      "type": "aws_security_group",
      "name": "my-sg",
      "provider": "provider[\"registry.terraform.io/hashicorp/aws\"]",
      "instances": [
        {
          "schema_version": 1,
          "attributes": {
            "arn": "arn:aws:ec2:us-east-1:376072811129:security-group/sg-0851fbf1a2ea3e9cb",
            "description": "Jenkins Server Ports",
            "egress": [
              {
                "cidr_blocks": [
                  "0.0.0.0/0"
                ],
                "description": "",
                "from_port": 0,
                "ipv6_cidr_blocks": [],
                "prefix_list_ids": [],
                "protocol": "-1",
                "security_groups": [],
                "self": false,
                "to_port": 0
              }
            ],
            "id": "sg-0851fbf1a2ea3e9cb",
            "ingress": [
              {
                "cidr_blocks": [
                  "0.0.0.0/0"
                ],
                "description": "HTTP Port",
                "from_port": 80,
                "ipv6_cidr_blocks": [],
                "prefix_list_ids": [],
                "protocol": "tcp",
                "security_groups": [],
                "self": false,
                "to_port": 80
              },
              {
                "cidr_blocks": [
                  "0.0.0.0/0"
                ],
                "description": "HTTPS Port",
                "from_port": 443,
                "ipv6_cidr_blocks": [],
                "prefix_list_ids": [],
                "protocol": "tcp",
                "security_groups": [],
                "self": false,
                "to_port": 443
              },
              {
                "cidr_blocks": [
                  "0.0.0.0/0"
                ],
                "description": "Jenkins Port",
                "from_port": 8080,
                "ipv6_cidr_blocks": [],
                "prefix_list_ids": [],
                "protocol": "tcp",
                "security_groups": [],
                "self": false,
                "to_port": 8080
              },
              {
                "cidr_blocks": [
                  "0.0.0.0/0"
                ],
                "description": "K8s NodePort",
                "from_port": 30000,
                "ipv6_cidr_blocks": [],
                "prefix_list_ids": [],
                "protocol": "tcp",
                "security_groups": [],
                "self": false,
                "to_port": 32767
              },
              {
                "cidr_blocks": [
                  "0.0.0.0/0"
                ],
                "description": "K8s Ports",
                "from_port": 10250,
                "ipv6_cidr_blocks": [],
                "prefix_list_ids": [],
                "protocol": "tcp",
                "security_groups": [],
                "self": false,
                "to_port": 10260
              },
              {
                "cidr_blocks": [
                  "0.0.0.0/0"
                ],
                "description": "Kube API Server",
                "from_port": 6443,
                "ipv6_cidr_blocks": [],
                "prefix_list_ids": [],
                "protocol": "tcp",
                "security_groups": [],
                "self": false,
                "to_port": 6443
              },
              {
                "cidr_blocks": [
                  "0.0.0.0/0"
                ],
                "description": "NPM Port",
                "from_port": 3000,
                "ipv6_cidr_blocks": [],
                "prefix_list_ids": [],
                "protocol": "tcp",
                "security_groups": [],
                "self": false,
                "to_port": 3000
              },
              {
                "cidr_blocks": [
                  "0.0.0.0/0"
                ],
                "description": "Prometheus Metrics Port",
                "from_port": 9100,
                "ipv6_cidr_blocks": [],
                "prefix_list_ids": [],
                "protocol": "tcp",
                "security_groups": [],
                "self": false,
                "to_port": 9100
              },
              {
                "cidr_blocks": [
                  "0.0.0.0/0"
                ],
                "description": "Prometheus Port",
                "from_port": 9090,
                "ipv6_cidr_blocks": [],
                "prefix_list_ids": [],
                "protocol": "tcp",
                "security_groups": [],
                "self": false,
                "to_port": 9090
              },
              {
                "cidr_blocks": [
                  "0.0.0.0/0"
                ],
                "description": "SSH Port",
                "from_port": 22,
                "ipv6_cidr_blocks": [],
                "prefix_list_ids": [],
                "protocol": "tcp",
                "security_groups": [],
                "self": false,
                "to_port": 22
              },
              {
                "cidr_blocks": [
                  "0.0.0.0/0"
                ],
                "description": "SonarQube Port",
                "from_port": 9000,
                "ipv6_cidr_blocks": [],
                "prefix_list_ids": [],
                "protocol": "tcp",
                "security_groups": [],
                "self": false,
                "to_port": 9000
              },
              {
                "cidr_blocks": [
                  "0.0.0.0/0"
                ],
                "description": "etc-cluster Port",
                "from_port": 2379,
                "ipv6_cidr_blocks": [],
                "prefix_list_ids": [],
                "protocol": "tcp",
                "security_groups": [],
                "self": false,
                "to_port": 2380
              }
            ],
            "name": "JENKINS-SERVER-SG",
            "name_prefix": "",
            "owner_id": "376072811129",
            "revoke_rules_on_delete": false,
            "tags": null,
            "tags_all": {},
            "timeouts": null,
            "vpc_id": "vpc-03aa99463f75934e6"
          },
          "sensitive_attributes": [],
          "private": "eyJlMmJmYjczMC1lY2FhLTExZTYtOGY4OC0zNDM2M2JjN2M0YzAiOnsiY3JlYXRlIjo2MDAwMDAwMDAwMDAsImRlbGV0ZSI6OTAwMDAwMDAwMDAwfSwic2NoZW1hX3ZlcnNpb24iOiIxIn0="
        }
      ]
    },
    {
      "mode": "managed",
      "type": "local_file",
      "name": "private_key",
      "provider": "provider[\"registry.terraform.io/hashicorp/local\"]",
      "instances": [
        {
          "schema_version": 0,
          "attributes": {
            "content": "-----BEGIN RSA PRIVATE KEY-----\nMIIEoQIBAAKCAQEApo1Acrfj2anzGyoPk+teJ28R6mpRBe41lp8STai5heR+EPjz\nqjeQPxzfEDPPJl6Lz50BAB+fLX1L0V1gmJOXSwqaMlHcEmvGC7e1nBOPJ6fHTgpn\nnHj+btIKzzN1dRp6j8F8SM0gN4U3MiZXngH8PN4lCsDb3jb3TJwTLg/9V+ZCB37p\n8e4pv/tDHN/6ZawjOV/fXU490JJr3xlci9eNlHAyiv9lKkBUl0h6btmCc0VMKCKp\npMS9fVBJCLBR/DUQVENRTvVZxIQZdZipbQhftnrc0E2eqFUp6KRaSvqVxSjvhb6g\ngZ05g6Syf/dRSNf8Sk2ZfAf02xYlGgtqGSN+kQIDAQABAoIBAEXo4pWEtMJnwOC1\nHgbT9BiPWbDQ4aOgoqPPr4ojeYRHLdeH+BeJ7SVgxAz0Ak6zvvHtkD7yBwm8HzgJ\nfwNsaEQadjELBVpCHMZMXZHe7+cQWOtcGLOoYfw4dEsW6YW3EJ0I9VdFqvFDHLET\nQRHU+YC/KkNCQsgawGFK3g4mrgvXsFAs/Fq0RJjbXrcdpbLvY4LuE1oWpmMPAMKK\n05ScEgCMtuHa+UsS+UvgdxFsXTM021KRZ0i7r02Wahg0VcjpLgQy5DkamtFbd6hT\nojZF97ejWVwCWg4ZaNRWA9E2/LB322SkAT/4yIVzq1Ujwpe7Kp+U5NruytvpPhf+\nuKc9xLECgYEAwiWmy+5sURr+ck0hCofWCiT2H4Iv7TBCyd1/T5e11bve2lyioBHV\nHaUexNo6PplP6yUmKyMQmadwnyqOlkx5wVMJ8K8tD4cSPFr+vt7mQAqYXk+w07bO\nG5gVKF7wxKHutfQXGd/PMN0mZVVB1LIyhL+SFydQx+vUzpl8zKCcLC0CgYEA25z3\npobnHKIfIYvWFTTPT0jUHWrZq0w3z6Dz+UkxNP9IlfVpJUN8FUJrpKUD7ppLmpWP\nHyCyn20u7RRapiZktQ0lYlYlLwUrINgzLCeF7l8lf2k6pCuXzFPwW6XwDwci/49L\n2AEbk5QAH23s9mZn82E7Y4LLBJh8FkBDao7LRnUCgYBiQo4drojxr5jSHsk3PDKP\nJc/PeKNrBz72Tf1OOjlUeGY83B+OphfXjid5d/18izmQiFe+A1w2eDEezXonBYOl\n3bItN2u17SXEmEVQMx4TkYk2SlzzehTskFc8/Hgc/NwFCQncFZMWZwc0yCauUJYS\n66Yzw7k1xd0Jx1MLecow7QKBgQCOnUWZp9tnlcR/pW6WAOBrjVDp9Zx7CBjqRYyK\nI0TINMuvTlpEr6lhqOt8VQjTpvFX5q21uiclLuMdZG1lnmMhy/KuBGFLQqD6SEwa\n7WOlI7aXIf/J4uFF+HCLI5xcNfc9XJIVKMr+sErQHjOW43O38jl96s7qIhfa30qo\nZSiOjQJ/fQp+OT4lrmzFI9Ev7iOKKFjlukrx9Y8gd0roDI9sOj6reD/zmVe/tDmm\nxdBw+Ikf08JTodBs9TcXI7KyBFVOQhNZimtGSYklnDzevVEQSgqHyAtJB8tKRR7D\nFRADMOyanL9fTZ2BPDDW4Hq2zOvwWxRZHNo2XheWzwGcRS+wtA==\n-----END RSA PRIVATE KEY-----\n",
            "content_base64": null,
            "content_base64sha256": "Ewl1xzeVtjdU0u7mg01+kjdNTiAnDmQhKO2/bkf2gfI=",
            "content_base64sha512": "B9HKh2GswxbcYESCXIXufnYMs/+wofrEerVaOJFNBXDlBVUIanjZ+Cek4ZPvzFPULtdWoJVjeiP9DxDhtokvGw==",
            "content_md5": "2b5e3d41438f88d6700ed67c83e1adaa",
            "content_sha1": "c9eb3f7592f6244ecad78273f3e318e8fb20c56f",
            "content_sha256": "130975c73795b63754d2eee6834d7e92374d4e20270e642128edbf6e47f681f2",
            "content_sha512": "07d1ca8761acc316dc6044825c85ee7e760cb3ffb0a1fac47ab55a38914d0570e50555086a78d9f827a4e193efcc53d42ed756a095637a23fd0f10e1b6892f1b",
            "directory_permission": "0777",
            "file_permission": "0777",
            "filename": "./DevSecOps-key-pair.pem",
            "id": "c9eb3f7592f6244ecad78273f3e318e8fb20c56f",
            "sensitive_content": null,
            "source": null
          },
          "sensitive_attributes": [
            [
              {
                "type": "get_attr",
                "value": "content"
              }
            ]
          ],
          "dependencies": [
            "tls_private_key.DevSecOps-keypair"
          ]
        }
      ]
    },
    {
      "mode": "managed",
      "type": "tls_private_key",
      "name": "DevSecOps-keypair",
      "provider": "provider[\"registry.terraform.io/hashicorp/tls\"]",
      "instances": [
        {
          "schema_version": 1,
          "attributes": {
            "algorithm": "RSA",
            "ecdsa_curve": "P224",
            "id": "0f7f3e87c7af393d5240d7684b04587bd1e322f5",
            "private_key_openssh": "-----BEGIN OPENSSH PRIVATE KEY-----\nb3BlbnNzaC1rZXktdjEAAAAABG5vbmUAAAAEbm9uZQAAAAAAAAABAAABFwAAAAdz\nc2gtcnNhAAAAAwEAAQAAAQEApo1Acrfj2anzGyoPk+teJ28R6mpRBe41lp8STai5\nheR+EPjzqjeQPxzfEDPPJl6Lz50BAB+fLX1L0V1gmJOXSwqaMlHcEmvGC7e1nBOP\nJ6fHTgpnnHj+btIKzzN1dRp6j8F8SM0gN4U3MiZXngH8PN4lCsDb3jb3TJwTLg/9\nV+ZCB37p8e4pv/tDHN/6ZawjOV/fXU490JJr3xlci9eNlHAyiv9lKkBUl0h6btmC\nc0VMKCKppMS9fVBJCLBR/DUQVENRTvVZxIQZdZipbQhftnrc0E2eqFUp6KRaSvqV\nxSjvhb6ggZ05g6Syf/dRSNf8Sk2ZfAf02xYlGgtqGSN+kQAAA7i1DBAFtQwQBQAA\nAAdzc2gtcnNhAAABAQCmjUByt+PZqfMbKg+T614nbxHqalEF7jWWnxJNqLmF5H4Q\n+POqN5A/HN8QM88mXovPnQEAH58tfUvRXWCYk5dLCpoyUdwSa8YLt7WcE48np8dO\nCmeceP5u0grPM3V1GnqPwXxIzSA3hTcyJleeAfw83iUKwNveNvdMnBMuD/1X5kIH\nfunx7im/+0Mc3/plrCM5X99dTj3QkmvfGVyL142UcDKK/2UqQFSXSHpu2YJzRUwo\nIqmkxL19UEkIsFH8NRBUQ1FO9VnEhBl1mKltCF+2etzQTZ6oVSnopFpK+pXFKO+F\nvqCBnTmDpLJ/91FI1/xKTZl8B/TbFiUaC2oZI36RAAAAAwEAAQAAAQBF6OKVhLTC\nZ8DgtR4G0/QYj1mw0OGjoKKjz6+KI3mERy3Xh/gXie0lYMQM9AJOs77x7ZA+8gcJ\nvB84CX8DbGhEGnYxCwVaQhzGTF2R3u/nEFjrXBizqGH8OHRLFumFtxCdCPVXRarx\nQxyxE0ER1PmAvypDQkLIGsBhSt4OJq4L17BQLPxatESY2163HaWy72OC7hNaFqZj\nDwDCitOUnBIAjLbh2vlLEvlL4HcRbF0zNNtSkWdIu69NlmoYNFXI6S4EMuQ5GprR\nW3eoU6I2Rfe3o1lcAloOGWjUVgPRNvywd9tkpAE/+MiFc6tVI8KXuyqflOTa7srb\n6T4X/rinPcSxAAAAf30Kfjk+Ja5sxSPRL+4jiihY5bpK8fWPIHdK6AyPbDo+q3g/\n85lXv7Q5psXQcPiJH9PCU6HQbPU3FyOysgRVTkITWYprRkmJJZw83r1REEoKh8gL\nSQfLSkUewxUQAzDsmpy/X02dgTww1uB6tszr8FsUWRzaNl4Xls8BnEUvsLQAAACB\nAMIlpsvubFEa/nJNIQqH1gok9h+CL+0wQsndf0+XtdW73tpcoqAR1R2lHsTaOj6Z\nT+slJisjEJmncJ8qjpZMecFTCfCvLQ+HEjxa/r7e5kAKmF5PsNO2zhuYFShe8MSh\n7rX0FxnfzzDdJmVVQdSyMoS/khcnUMfr1M6ZfMygnCwtAAAAgQDbnPemhuccoh8h\ni9YVNM9PSNQdatmrTDfPoPP5STE0/0iV9WklQ3wVQmukpQPumkualY8fILKfbS7t\nFFqmJmS1DSViViUvBSsg2DMsJ4XuXyV/aTqkK5fMU/BbpfAPByL/j0vYARuTlAAf\nbez2ZmfzYTtjgssEmHwWQENqjstGdQAAAAABAgME\n-----END OPENSSH PRIVATE KEY-----\n",
            "private_key_pem": "-----BEGIN RSA PRIVATE KEY-----\nMIIEoQIBAAKCAQEApo1Acrfj2anzGyoPk+teJ28R6mpRBe41lp8STai5heR+EPjz\nqjeQPxzfEDPPJl6Lz50BAB+fLX1L0V1gmJOXSwqaMlHcEmvGC7e1nBOPJ6fHTgpn\nnHj+btIKzzN1dRp6j8F8SM0gN4U3MiZXngH8PN4lCsDb3jb3TJwTLg/9V+ZCB37p\n8e4pv/tDHN/6ZawjOV/fXU490JJr3xlci9eNlHAyiv9lKkBUl0h6btmCc0VMKCKp\npMS9fVBJCLBR/DUQVENRTvVZxIQZdZipbQhftnrc0E2eqFUp6KRaSvqVxSjvhb6g\ngZ05g6Syf/dRSNf8Sk2ZfAf02xYlGgtqGSN+kQIDAQABAoIBAEXo4pWEtMJnwOC1\nHgbT9BiPWbDQ4aOgoqPPr4ojeYRHLdeH+BeJ7SVgxAz0Ak6zvvHtkD7yBwm8HzgJ\nfwNsaEQadjELBVpCHMZMXZHe7+cQWOtcGLOoYfw4dEsW6YW3EJ0I9VdFqvFDHLET\nQRHU+YC/KkNCQsgawGFK3g4mrgvXsFAs/Fq0RJjbXrcdpbLvY4LuE1oWpmMPAMKK\n05ScEgCMtuHa+UsS+UvgdxFsXTM021KRZ0i7r02Wahg0VcjpLgQy5DkamtFbd6hT\nojZF97ejWVwCWg4ZaNRWA9E2/LB322SkAT/4yIVzq1Ujwpe7Kp+U5NruytvpPhf+\nuKc9xLECgYEAwiWmy+5sURr+ck0hCofWCiT2H4Iv7TBCyd1/T5e11bve2lyioBHV\nHaUexNo6PplP6yUmKyMQmadwnyqOlkx5wVMJ8K8tD4cSPFr+vt7mQAqYXk+w07bO\nG5gVKF7wxKHutfQXGd/PMN0mZVVB1LIyhL+SFydQx+vUzpl8zKCcLC0CgYEA25z3\npobnHKIfIYvWFTTPT0jUHWrZq0w3z6Dz+UkxNP9IlfVpJUN8FUJrpKUD7ppLmpWP\nHyCyn20u7RRapiZktQ0lYlYlLwUrINgzLCeF7l8lf2k6pCuXzFPwW6XwDwci/49L\n2AEbk5QAH23s9mZn82E7Y4LLBJh8FkBDao7LRnUCgYBiQo4drojxr5jSHsk3PDKP\nJc/PeKNrBz72Tf1OOjlUeGY83B+OphfXjid5d/18izmQiFe+A1w2eDEezXonBYOl\n3bItN2u17SXEmEVQMx4TkYk2SlzzehTskFc8/Hgc/NwFCQncFZMWZwc0yCauUJYS\n66Yzw7k1xd0Jx1MLecow7QKBgQCOnUWZp9tnlcR/pW6WAOBrjVDp9Zx7CBjqRYyK\nI0TINMuvTlpEr6lhqOt8VQjTpvFX5q21uiclLuMdZG1lnmMhy/KuBGFLQqD6SEwa\n7WOlI7aXIf/J4uFF+HCLI5xcNfc9XJIVKMr+sErQHjOW43O38jl96s7qIhfa30qo\nZSiOjQJ/fQp+OT4lrmzFI9Ev7iOKKFjlukrx9Y8gd0roDI9sOj6reD/zmVe/tDmm\nxdBw+Ikf08JTodBs9TcXI7KyBFVOQhNZimtGSYklnDzevVEQSgqHyAtJB8tKRR7D\nFRADMOyanL9fTZ2BPDDW4Hq2zOvwWxRZHNo2XheWzwGcRS+wtA==\n-----END RSA PRIVATE KEY-----\n",
            "private_key_pem_pkcs8": "-----BEGIN PRIVATE KEY-----\nMIIEuwIBADANBgkqhkiG9w0BAQEFAASCBKUwggShAgEAAoIBAQCmjUByt+PZqfMb\nKg+T614nbxHqalEF7jWWnxJNqLmF5H4Q+POqN5A/HN8QM88mXovPnQEAH58tfUvR\nXWCYk5dLCpoyUdwSa8YLt7WcE48np8dOCmeceP5u0grPM3V1GnqPwXxIzSA3hTcy\nJleeAfw83iUKwNveNvdMnBMuD/1X5kIHfunx7im/+0Mc3/plrCM5X99dTj3Qkmvf\nGVyL142UcDKK/2UqQFSXSHpu2YJzRUwoIqmkxL19UEkIsFH8NRBUQ1FO9VnEhBl1\nmKltCF+2etzQTZ6oVSnopFpK+pXFKO+FvqCBnTmDpLJ/91FI1/xKTZl8B/TbFiUa\nC2oZI36RAgMBAAECggEARejilYS0wmfA4LUeBtP0GI9ZsNDho6Cio8+viiN5hEct\n14f4F4ntJWDEDPQCTrO+8e2QPvIHCbwfOAl/A2xoRBp2MQsFWkIcxkxdkd7v5xBY\n61wYs6hh/Dh0SxbphbcQnQj1V0Wq8UMcsRNBEdT5gL8qQ0JCyBrAYUreDiauC9ew\nUCz8WrREmNtetx2lsu9jgu4TWhamYw8AworTlJwSAIy24dr5SxL5S+B3EWxdMzTb\nUpFnSLuvTZZqGDRVyOkuBDLkORqa0Vt3qFOiNkX3t6NZXAJaDhlo1FYD0Tb8sHfb\nZKQBP/jIhXOrVSPCl7sqn5Tk2u7K2+k+F/64pz3EsQKBgQDCJabL7mxRGv5yTSEK\nh9YKJPYfgi/tMELJ3X9Pl7XVu97aXKKgEdUdpR7E2jo+mU/rJSYrIxCZp3CfKo6W\nTHnBUwnwry0PhxI8Wv6+3uZACpheT7DTts4bmBUoXvDEoe619BcZ388w3SZlVUHU\nsjKEv5IXJ1DH69TOmXzMoJwsLQKBgQDbnPemhuccoh8hi9YVNM9PSNQdatmrTDfP\noPP5STE0/0iV9WklQ3wVQmukpQPumkualY8fILKfbS7tFFqmJmS1DSViViUvBSsg\n2DMsJ4XuXyV/aTqkK5fMU/BbpfAPByL/j0vYARuTlAAfbez2ZmfzYTtjgssEmHwW\nQENqjstGdQKBgGJCjh2uiPGvmNIeyTc8Mo8lz894o2sHPvZN/U46OVR4ZjzcH46m\nF9eOJ3l3/XyLOZCIV74DXDZ4MR7NeicFg6Xdsi03a7XtJcSYRVAzHhORiTZKXPN6\nFOyQVzz8eBz83AUJCdwVkxZnBzTIJq5QlhLrpjPDuTXF3QnHUwt5yjDtAoGBAI6d\nRZmn22eVxH+lbpYA4GuNUOn1nHsIGOpFjIojRMg0y69OWkSvqWGo63xVCNOm8Vfm\nrbW6JyUu4x1kbWWeYyHL8q4EYUtCoPpITBrtY6Ujtpch/8ni4UX4cIsjnFw19z1c\nkhUoyv6wStAeM5bjc7fyOX3qzuoiF9rfSqhlKI6NAn99Cn45PiWubMUj0S/uI4oo\nWOW6SvH1jyB3SugMj2w6Pqt4P/OZV7+0OabF0HD4iR/TwlOh0Gz1NxcjsrIEVU5C\nE1mKa0ZJiSWcPN69URBKCofIC0kHy0pFHsMVEAMw7Jqcv19NnYE8MNbgerbM6/Bb\nFFkc2jZeF5bPAZxFL7C0\n-----END PRIVATE KEY-----\n",
            "public_key_fingerprint_md5": "62:72:15:6a:77:65:67:7a:2a:7a:70:47:a0:f9:16:f3",
            "public_key_fingerprint_sha256": "SHA256:9KOyTPcqszhtNYrnNQfMA5yT8ZF/lOlBG0o4pIsmrl8",
            "public_key_openssh": "ssh-rsa AAAAB3NzaC1yc2EAAAADAQABAAABAQCmjUByt+PZqfMbKg+T614nbxHqalEF7jWWnxJNqLmF5H4Q+POqN5A/HN8QM88mXovPnQEAH58tfUvRXWCYk5dLCpoyUdwSa8YLt7WcE48np8dOCmeceP5u0grPM3V1GnqPwXxIzSA3hTcyJleeAfw83iUKwNveNvdMnBMuD/1X5kIHfunx7im/+0Mc3/plrCM5X99dTj3QkmvfGVyL142UcDKK/2UqQFSXSHpu2YJzRUwoIqmkxL19UEkIsFH8NRBUQ1FO9VnEhBl1mKltCF+2etzQTZ6oVSnopFpK+pXFKO+FvqCBnTmDpLJ/91FI1/xKTZl8B/TbFiUaC2oZI36R\n",
            "public_key_pem": "-----BEGIN PUBLIC KEY-----\nMIIBIjANBgkqhkiG9w0BAQEFAAOCAQ8AMIIBCgKCAQEApo1Acrfj2anzGyoPk+te\nJ28R6mpRBe41lp8STai5heR+EPjzqjeQPxzfEDPPJl6Lz50BAB+fLX1L0V1gmJOX\nSwqaMlHcEmvGC7e1nBOPJ6fHTgpnnHj+btIKzzN1dRp6j8F8SM0gN4U3MiZXngH8\nPN4lCsDb3jb3TJwTLg/9V+ZCB37p8e4pv/tDHN/6ZawjOV/fXU490JJr3xlci9eN\nlHAyiv9lKkBUl0h6btmCc0VMKCKppMS9fVBJCLBR/DUQVENRTvVZxIQZdZipbQhf\ntnrc0E2eqFUp6KRaSvqVxSjvhb6ggZ05g6Syf/dRSNf8Sk2ZfAf02xYlGgtqGSN+\nkQIDAQAB\n-----END PUBLIC KEY-----\n",
            "rsa_bits": 2048
          },
          "sensitive_attributes": []
        }
      ]
    }
  ],
  "check_results": []
}
